
Microsoft Visual Studio Solution File, Format Version 12.00
# Visual Studio Version 17
VisualStudioVersion = 17.11.34929.205
MinimumVisualStudioVersion = 10.0.40219.1
Project("{FAE04EC0-301F-11D3-BF4B-00C04F79EFBC}") = "TEST 3 LUX", "TEST 3 LUX\TEST 3 LUX.csproj", "{9AEB37C0-14F2-40EC-A399-492E102759BE}"
EndProject
Global
	GlobalSection(SolutionConfigurationPlatforms) = preSolution
		Debug|Any CPU = Debug|Any CPU
		Release|Any CPU = Release|Any CPU
	EndGlobalSection
	GlobalSection(ProjectConfigurationPlatforms) = postSolution
		{9AEB37C0-14F2-40EC-A399-492E102759BE}.Debug|Any CPU.ActiveCfg = Debug|Any CPU
		{9AEB37C0-14F2-40EC-A399-492E102759BE}.Debug|Any CPU.Build.0 = Debug|Any CPU
		{9AEB37C0-14F2-40EC-A399-492E102759BE}.Release|Any CPU.ActiveCfg = Release|Any CPU
		{9AEB37C0-14F2-40EC-A399-492E102759BE}.Release|Any CPU.Build.0 = Release|Any CPU
	EndGlobalSection
	GlobalSection(SolutionProperties) = preSolution
		HideSolutionNode = FALSE
	EndGlobalSection
	GlobalSection(ExtensibilityGlobals) = postSolution
		SolutionGuid = {2AD8DFC6-31BD-4ADE-BB5E-38F366151DD8}
	EndGlobalSection
EndGlobal
